// !$*UTF8*$!
{
	archiveVersion = 1;
	classes = {
	};
	objectVersion = 52;
	objects = {

/* Begin PBXBuildFile section */
		DC5F853E25CEE4CE00084C72 /* IHProgressHUD+Extention.swift in Sources */ = {isa = PBXBuildFile; fileRef = DC5F853D25CEE4CE00084C72 /* IHProgressHUD+Extention.swift */; };
		DC5F854325CEF74300084C72 /* SplashViewController.swift in Sources */ = {isa = PBXBuildFile; fileRef = DC5F854125CEF74300084C72 /* SplashViewController.swift */; };
		DC5F854425CEF74300084C72 /* SplashViewController.xib in Resources */ = {isa = PBXBuildFile; fileRef = DC5F854225CEF74300084C72 /* SplashViewController.xib */; };
		DC5F854825CEF85800084C72 /* SplashVCInteractor.swift in Sources */ = {isa = PBXBuildFile; fileRef = DC5F854725CEF85800084C72 /* SplashVCInteractor.swift */; };
		DC5F854C25CEF8E800084C72 /* SplashVCPresenter.swift in Sources */ = {isa = PBXBuildFile; fileRef = DC5F854B25CEF8E800084C72 /* SplashVCPresenter.swift */; };
		DC5F855A25CF0C9E00084C72 /* Navigator.swift in Sources */ = {isa = PBXBuildFile; fileRef = DC5F855925CF0C9E00084C72 /* Navigator.swift */; };
		DC5F855E25CF0E1500084C72 /* NavigatorProtocol.swift in Sources */ = {isa = PBXBuildFile; fileRef = DC5F855D25CF0E1500084C72 /* NavigatorProtocol.swift */; };
		DC5F856125CF106B00084C72 /* UIViewController+Extention.swift in Sources */ = {isa = PBXBuildFile; fileRef = DC5F856025CF106B00084C72 /* UIViewController+Extention.swift */; };
		DC5F857625CF301F00084C72 /* WelcomeViewController.swift in Sources */ = {isa = PBXBuildFile; fileRef = DC5F857425CF301F00084C72 /* WelcomeViewController.swift */; };
		DC5F857725CF301F00084C72 /* WelcomeViewController.xib in Resources */ = {isa = PBXBuildFile; fileRef = DC5F857525CF301F00084C72 /* WelcomeViewController.xib */; };
		DC5F857B25CF307000084C72 /* WelcomeVCPresenter.swift in Sources */ = {isa = PBXBuildFile; fileRef = DC5F857A25CF307000084C72 /* WelcomeVCPresenter.swift */; };
		DC5F857E25CF308500084C72 /* WelcomeVCInteractor.swift in Sources */ = {isa = PBXBuildFile; fileRef = DC5F857D25CF308500084C72 /* WelcomeVCInteractor.swift */; };
		DC5F858625CF3ACE00084C72 /* LoginViewController.swift in Sources */ = {isa = PBXBuildFile; fileRef = DC5F858425CF3ACE00084C72 /* LoginViewController.swift */; };
		DC5F858725CF3ACE00084C72 /* LoginViewController.xib in Resources */ = {isa = PBXBuildFile; fileRef = DC5F858525CF3ACE00084C72 /* LoginViewController.xib */; };
		DC5F858B25CF3AE200084C72 /* LoginVCPresenter.swift in Sources */ = {isa = PBXBuildFile; fileRef = DC5F858A25CF3AE200084C72 /* LoginVCPresenter.swift */; };
		DC5F858E25CF3AF400084C72 /* LoginVCInteractor.swift in Sources */ = {isa = PBXBuildFile; fileRef = DC5F858D25CF3AF400084C72 /* LoginVCInteractor.swift */; };
		DC5F859525CF3B4D00084C72 /* RegisterViewController.swift in Sources */ = {isa = PBXBuildFile; fileRef = DC5F859325CF3B4D00084C72 /* RegisterViewController.swift */; };
		DC5F859625CF3B4D00084C72 /* RegisterViewController.xib in Resources */ = {isa = PBXBuildFile; fileRef = DC5F859425CF3B4D00084C72 /* RegisterViewController.xib */; };
		DC5F859A25CF3B6600084C72 /* RegisterVCPresenter.swift in Sources */ = {isa = PBXBuildFile; fileRef = DC5F859925CF3B6600084C72 /* RegisterVCPresenter.swift */; };
		DC5F859D25CF3B7A00084C72 /* RegisterVCInteractor.swift in Sources */ = {isa = PBXBuildFile; fileRef = DC5F859C25CF3B7A00084C72 /* RegisterVCInteractor.swift */; };
		DC5F85A025CF3D8D00084C72 /* SharedUserDefualts.swift in Sources */ = {isa = PBXBuildFile; fileRef = DC5F859F25CF3D8D00084C72 /* SharedUserDefualts.swift */; };
		DCE32CA625CEBC5600D9AD8F /* AppDelegate.swift in Sources */ = {isa = PBXBuildFile; fileRef = DCE32CA525CEBC5600D9AD8F /* AppDelegate.swift */; };
		DCE32CB025CEBC5600D9AD8F /* Notiz.xcdatamodeld in Sources */ = {isa = PBXBuildFile; fileRef = DCE32CAE25CEBC5600D9AD8F /* Notiz.xcdatamodeld */; };
		DCE32CB225CEBC5700D9AD8F /* Assets.xcassets in Resources */ = {isa = PBXBuildFile; fileRef = DCE32CB125CEBC5700D9AD8F /* Assets.xcassets */; };
		DCE32CB525CEBC5700D9AD8F /* LaunchScreen.storyboard in Resources */ = {isa = PBXBuildFile; fileRef = DCE32CB325CEBC5700D9AD8F /* LaunchScreen.storyboard */; };
		DCE32CBF25CEC45900D9AD8F /* IHProgressHUD in Frameworks */ = {isa = PBXBuildFile; productRef = DCE32CBE25CEC45900D9AD8F /* IHProgressHUD */; };
		DCE32CC325CEC4BE00D9AD8F /* IQKeyboardManagerSwift in Frameworks */ = {isa = PBXBuildFile; productRef = DCE32CC225CEC4BE00D9AD8F /* IQKeyboardManagerSwift */; };
		DCE32CC725CED62700D9AD8F /* FirebaseAnalytics in Frameworks */ = {isa = PBXBuildFile; productRef = DCE32CC625CED62700D9AD8F /* FirebaseAnalytics */; };
		DCE32CC925CED62700D9AD8F /* FirebaseAuth in Frameworks */ = {isa = PBXBuildFile; productRef = DCE32CC825CED62700D9AD8F /* FirebaseAuth */; };
		DCE32CCB25CED62700D9AD8F /* FirebaseFirestore in Frameworks */ = {isa = PBXBuildFile; productRef = DCE32CCA25CED62700D9AD8F /* FirebaseFirestore */; };
		DCE32CDF25CED87500D9AD8F /* Colors.xcassets in Resources */ = {isa = PBXBuildFile; fileRef = DCE32CDE25CED87500D9AD8F /* Colors.xcassets */; };
		DCE32CE525CED8FE00D9AD8F /* String+Extention.swift in Sources */ = {isa = PBXBuildFile; fileRef = DCE32CE425CED8FE00D9AD8F /* String+Extention.swift */; };
		DCE32CE925CED9C800D9AD8F /* UIButton+Extentions.swift in Sources */ = {isa = PBXBuildFile; fileRef = DCE32CE825CED9C800D9AD8F /* UIButton+Extentions.swift */; };
		DCE32CED25CEDA6C00D9AD8F /* UIColor+Extention.swift in Sources */ = {isa = PBXBuildFile; fileRef = DCE32CEC25CEDA6C00D9AD8F /* UIColor+Extention.swift */; };
		DCE32CF025CEDB0A00D9AD8F /* UIView+Extention.swift in Sources */ = {isa = PBXBuildFile; fileRef = DCE32CEF25CEDB0A00D9AD8F /* UIView+Extention.swift */; };
		DCE32CF425CEDB8400D9AD8F /* Constants.swift in Sources */ = {isa = PBXBuildFile; fileRef = DCE32CF325CEDB8400D9AD8F /* Constants.swift */; };
		DCE32CFF25CEE07A00D9AD8F /* GoogleService-Info.plist in Resources */ = {isa = PBXBuildFile; fileRef = DCE32CFE25CEE07A00D9AD8F /* GoogleService-Info.plist */; };
		DCE32D1425CEE1C800D9AD8F /* DesignSystem.swift in Sources */ = {isa = PBXBuildFile; fileRef = DCE32D0225CEE1C800D9AD8F /* DesignSystem.swift */; };
		DCE32D1525CEE1C800D9AD8F /* ColorsProtocol.swift in Sources */ = {isa = PBXBuildFile; fileRef = DCE32D0425CEE1C800D9AD8F /* ColorsProtocol.swift */; };
		DCE32D1625CEE1C800D9AD8F /* FontsProtocol.swift in Sources */ = {isa = PBXBuildFile; fileRef = DCE32D0525CEE1C800D9AD8F /* FontsProtocol.swift */; };
		DCE32D1725CEE1C800D9AD8F /* ThemeProtocol.swift in Sources */ = {isa = PBXBuildFile; fileRef = DCE32D0625CEE1C800D9AD8F /* ThemeProtocol.swift */; };
		DCE32D1825CEE1C800D9AD8F /* LightTheme.swift in Sources */ = {isa = PBXBuildFile; fileRef = DCE32D0925CEE1C800D9AD8F /* LightTheme.swift */; };
		DCE32D1925CEE1C800D9AD8F /* LightThemeColors.swift in Sources */ = {isa = PBXBuildFile; fileRef = DCE32D0B25CEE1C800D9AD8F /* LightThemeColors.swift */; };
		DCE32D1A25CEE1C800D9AD8F /* LightThemeFonts.swift in Sources */ = {isa = PBXBuildFile; fileRef = DCE32D0D25CEE1C800D9AD8F /* LightThemeFonts.swift */; };
		DCE32D1B25CEE1C800D9AD8F /* DarkThemeColors.swift in Sources */ = {isa = PBXBuildFile; fileRef = DCE32D1025CEE1C800D9AD8F /* DarkThemeColors.swift */; };
		DCE32D1C25CEE1C800D9AD8F /* DarkTheme.swift in Sources */ = {isa = PBXBuildFile; fileRef = DCE32D1125CEE1C800D9AD8F /* DarkTheme.swift */; };
		DCE32D1D25CEE1C800D9AD8F /* DarkThemeFonts.swift in Sources */ = {isa = PBXBuildFile; fileRef = DCE32D1325CEE1C800D9AD8F /* DarkThemeFonts.swift */; };
		DCE5205125D064F400B64ADD /* Notification.Name+Extention.swift in Sources */ = {isa = PBXBuildFile; fileRef = DCE5205025D064F400B64ADD /* Notification.Name+Extention.swift */; };
		DCE5205725D0655F00B64ADD /* UnderLineTextField.swift in Sources */ = {isa = PBXBuildFile; fileRef = DCE5205625D0655F00B64ADD /* UnderLineTextField.swift */; };
		DCE5205A25D0659D00B64ADD /* TextFieldEffects.swift in Sources */ = {isa = PBXBuildFile; fileRef = DCE5205925D0659D00B64ADD /* TextFieldEffects.swift */; };
/* End PBXBuildFile section */

/* Begin PBXFileReference section */
		DC5F853D25CEE4CE00084C72 /* IHProgressHUD+Extention.swift */ = {isa = PBXFileReference; lastKnownFileType = sourcecode.swift; path = "IHProgressHUD+Extention.swift"; sourceTree = "<group>"; };
		DC5F854125CEF74300084C72 /* SplashViewController.swift */ = {isa = PBXFileReference; lastKnownFileType = sourcecode.swift; path = SplashViewController.swift; sourceTree = "<group>"; };
		DC5F854225CEF74300084C72 /* SplashViewController.xib */ = {isa = PBXFileReference; lastKnownFileType = file.xib; path = SplashViewController.xib; sourceTree = "<group>"; };
		DC5F854725CEF85800084C72 /* SplashVCInteractor.swift */ = {isa = PBXFileReference; lastKnownFileType = sourcecode.swift; path = SplashVCInteractor.swift; sourceTree = "<group>"; };
		DC5F854B25CEF8E800084C72 /* SplashVCPresenter.swift */ = {isa = PBXFileReference; lastKnownFileType = sourcecode.swift; path = SplashVCPresenter.swift; sourceTree = "<group>"; };
		DC5F855925CF0C9E00084C72 /* Navigator.swift */ = {isa = PBXFileReference; lastKnownFileType = sourcecode.swift; path = Navigator.swift; sourceTree = "<group>"; };
		DC5F855D25CF0E1500084C72 /* NavigatorProtocol.swift */ = {isa = PBXFileReference; lastKnownFileType = sourcecode.swift; path = NavigatorProtocol.swift; sourceTree = "<group>"; };
		DC5F856025CF106B00084C72 /* UIViewController+Extention.swift */ = {isa = PBXFileReference; lastKnownFileType = sourcecode.swift; path = "UIViewController+Extention.swift"; sourceTree = "<group>"; };
		DC5F857425CF301F00084C72 /* WelcomeViewController.swift */ = {isa = PBXFileReference; lastKnownFileType = sourcecode.swift; path = WelcomeViewController.swift; sourceTree = "<group>"; };
		DC5F857525CF301F00084C72 /* WelcomeViewController.xib */ = {isa = PBXFileReference; lastKnownFileType = file.xib; path = WelcomeViewController.xib; sourceTree = "<group>"; };
		DC5F857A25CF307000084C72 /* WelcomeVCPresenter.swift */ = {isa = PBXFileReference; lastKnownFileType = sourcecode.swift; path = WelcomeVCPresenter.swift; sourceTree = "<group>"; };
		DC5F857D25CF308500084C72 /* WelcomeVCInteractor.swift */ = {isa = PBXFileReference; lastKnownFileType = sourcecode.swift; path = WelcomeVCInteractor.swift; sourceTree = "<group>"; };
		DC5F858425CF3ACE00084C72 /* LoginViewController.swift */ = {isa = PBXFileReference; lastKnownFileType = sourcecode.swift; path = LoginViewController.swift; sourceTree = "<group>"; };
		DC5F858525CF3ACE00084C72 /* LoginViewController.xib */ = {isa = PBXFileReference; lastKnownFileType = file.xib; path = LoginViewController.xib; sourceTree = "<group>"; };
		DC5F858A25CF3AE200084C72 /* LoginVCPresenter.swift */ = {isa = PBXFileReference; lastKnownFileType = sourcecode.swift; path = LoginVCPresenter.swift; sourceTree = "<group>"; };
		DC5F858D25CF3AF400084C72 /* LoginVCInteractor.swift */ = {isa = PBXFileReference; lastKnownFileType = sourcecode.swift; path = LoginVCInteractor.swift; sourceTree = "<group>"; };
		DC5F859325CF3B4D00084C72 /* RegisterViewController.swift */ = {isa = PBXFileReference; lastKnownFileType = sourcecode.swift; path = RegisterViewController.swift; sourceTree = "<group>"; };
		DC5F859425CF3B4D00084C72 /* RegisterViewController.xib */ = {isa = PBXFileReference; lastKnownFileType = file.xib; path = RegisterViewController.xib; sourceTree = "<group>"; };
		DC5F859925CF3B6600084C72 /* RegisterVCPresenter.swift */ = {isa = PBXFileReference; lastKnownFileType = sourcecode.swift; path = RegisterVCPresenter.swift; sourceTree = "<group>"; };
		DC5F859C25CF3B7A00084C72 /* RegisterVCInteractor.swift */ = {isa = PBXFileReference; lastKnownFileType = sourcecode.swift; path = RegisterVCInteractor.swift; sourceTree = "<group>"; };
		DC5F859F25CF3D8D00084C72 /* SharedUserDefualts.swift */ = {isa = PBXFileReference; lastKnownFileType = sourcecode.swift; path = SharedUserDefualts.swift; sourceTree = "<group>"; };
		DCE32CA225CEBC5600D9AD8F /* Notiz.app */ = {isa = PBXFileReference; explicitFileType = wrapper.application; includeInIndex = 0; path = Notiz.app; sourceTree = BUILT_PRODUCTS_DIR; };
		DCE32CA525CEBC5600D9AD8F /* AppDelegate.swift */ = {isa = PBXFileReference; lastKnownFileType = sourcecode.swift; path = AppDelegate.swift; sourceTree = "<group>"; };
		DCE32CAF25CEBC5600D9AD8F /* Notiz.xcdatamodel */ = {isa = PBXFileReference; lastKnownFileType = wrapper.xcdatamodel; path = Notiz.xcdatamodel; sourceTree = "<group>"; };
		DCE32CB125CEBC5700D9AD8F /* Assets.xcassets */ = {isa = PBXFileReference; lastKnownFileType = folder.assetcatalog; path = Assets.xcassets; sourceTree = "<group>"; };
		DCE32CB425CEBC5700D9AD8F /* Base */ = {isa = PBXFileReference; lastKnownFileType = file.storyboard; name = Base; path = Base.lproj/LaunchScreen.storyboard; sourceTree = "<group>"; };
		DCE32CB625CEBC5700D9AD8F /* Info.plist */ = {isa = PBXFileReference; lastKnownFileType = text.plist.xml; path = Info.plist; sourceTree = "<group>"; };
		DCE32CDE25CED87500D9AD8F /* Colors.xcassets */ = {isa = PBXFileReference; lastKnownFileType = folder.assetcatalog; path = Colors.xcassets; sourceTree = "<group>"; };
		DCE32CE425CED8FE00D9AD8F /* String+Extention.swift */ = {isa = PBXFileReference; lastKnownFileType = sourcecode.swift; path = "String+Extention.swift"; sourceTree = "<group>"; };
		DCE32CE825CED9C800D9AD8F /* UIButton+Extentions.swift */ = {isa = PBXFileReference; lastKnownFileType = sourcecode.swift; path = "UIButton+Extentions.swift"; sourceTree = "<group>"; };
		DCE32CEC25CEDA6C00D9AD8F /* UIColor+Extention.swift */ = {isa = PBXFileReference; lastKnownFileType = sourcecode.swift; path = "UIColor+Extention.swift"; sourceTree = "<group>"; };
		DCE32CEF25CEDB0A00D9AD8F /* UIView+Extention.swift */ = {isa = PBXFileReference; lastKnownFileType = sourcecode.swift; path = "UIView+Extention.swift"; sourceTree = "<group>"; };
		DCE32CF325CEDB8400D9AD8F /* Constants.swift */ = {isa = PBXFileReference; lastKnownFileType = sourcecode.swift; path = Constants.swift; sourceTree = "<group>"; };
		DCE32CFE25CEE07A00D9AD8F /* GoogleService-Info.plist */ = {isa = PBXFileReference; fileEncoding = 4; lastKnownFileType = text.plist.xml; path = "GoogleService-Info.plist"; sourceTree = "<group>"; };
		DCE32D0225CEE1C800D9AD8F /* DesignSystem.swift */ = {isa = PBXFileReference; fileEncoding = 4; lastKnownFileType = sourcecode.swift; path = DesignSystem.swift; sourceTree = "<group>"; };
		DCE32D0425CEE1C800D9AD8F /* ColorsProtocol.swift */ = {isa = PBXFileReference; fileEncoding = 4; lastKnownFileType = sourcecode.swift; path = ColorsProtocol.swift; sourceTree = "<group>"; };
		DCE32D0525CEE1C800D9AD8F /* FontsProtocol.swift */ = {isa = PBXFileReference; fileEncoding = 4; lastKnownFileType = sourcecode.swift; path = FontsProtocol.swift; sourceTree = "<group>"; };
		DCE32D0625CEE1C800D9AD8F /* ThemeProtocol.swift */ = {isa = PBXFileReference; fileEncoding = 4; lastKnownFileType = sourcecode.swift; path = ThemeProtocol.swift; sourceTree = "<group>"; };
		DCE32D0925CEE1C800D9AD8F /* LightTheme.swift */ = {isa = PBXFileReference; fileEncoding = 4; lastKnownFileType = sourcecode.swift; path = LightTheme.swift; sourceTree = "<group>"; };
		DCE32D0B25CEE1C800D9AD8F /* LightThemeColors.swift */ = {isa = PBXFileReference; fileEncoding = 4; lastKnownFileType = sourcecode.swift; path = LightThemeColors.swift; sourceTree = "<group>"; };
		DCE32D0D25CEE1C800D9AD8F /* LightThemeFonts.swift */ = {isa = PBXFileReference; fileEncoding = 4; lastKnownFileType = sourcecode.swift; path = LightThemeFonts.swift; sourceTree = "<group>"; };
		DCE32D1025CEE1C800D9AD8F /* DarkThemeColors.swift */ = {isa = PBXFileReference; fileEncoding = 4; lastKnownFileType = sourcecode.swift; path = DarkThemeColors.swift; sourceTree = "<group>"; };
		DCE32D1125CEE1C800D9AD8F /* DarkTheme.swift */ = {isa = PBXFileReference; fileEncoding = 4; lastKnownFileType = sourcecode.swift; path = DarkTheme.swift; sourceTree = "<group>"; };
		DCE32D1325CEE1C800D9AD8F /* DarkThemeFonts.swift */ = {isa = PBXFileReference; fileEncoding = 4; lastKnownFileType = sourcecode.swift; path = DarkThemeFonts.swift; sourceTree = "<group>"; };
		DCE5205025D064F400B64ADD /* Notification.Name+Extention.swift */ = {isa = PBXFileReference; lastKnownFileType = sourcecode.swift; path = "Notification.Name+Extention.swift"; sourceTree = "<group>"; };
		DCE5205625D0655F00B64ADD /* UnderLineTextField.swift */ = {isa = PBXFileReference; lastKnownFileType = sourcecode.swift; path = UnderLineTextField.swift; sourceTree = "<group>"; };
		DCE5205925D0659D00B64ADD /* TextFieldEffects.swift */ = {isa = PBXFileReference; lastKnownFileType = sourcecode.swift; path = TextFieldEffects.swift; sourceTree = "<group>"; };
/* End PBXFileReference section */

/* Begin PBXFrameworksBuildPhase section */
		DCE32C9F25CEBC5600D9AD8F /* Frameworks */ = {
			isa = PBXFrameworksBuildPhase;
			buildActionMask = 2147483647;
			files = (
				DCE32CBF25CEC45900D9AD8F /* IHProgressHUD in Frameworks */,
				DCE32CC325CEC4BE00D9AD8F /* IQKeyboardManagerSwift in Frameworks */,
				DCE32CC725CED62700D9AD8F /* FirebaseAnalytics in Frameworks */,
				DCE32CCB25CED62700D9AD8F /* FirebaseFirestore in Frameworks */,
				DCE32CC925CED62700D9AD8F /* FirebaseAuth in Frameworks */,
			);
			runOnlyForDeploymentPostprocessing = 0;
		};
/* End PBXFrameworksBuildPhase section */

/* Begin PBXGroup section */
		DC5F854025CEF6CB00084C72 /* Splash */ = {
			isa = PBXGroup;
			children = (
				DC5F856325CF15C200084C72 /* Controller */,
				DC5F856525CF15DB00084C72 /* Presenter */,
				DC5F856425CF15D100084C72 /* Interactor */,
			);
			path = Splash;
			sourceTree = "<group>";
		};
		DC5F855625CF0C7500084C72 /* Navigator */ = {
			isa = PBXGroup;
			children = (
				DC5F855725CF0C8A00084C72 /* Core */,
				DC5F855825CF0C8F00084C72 /* Models */,
			);
			path = Navigator;
			sourceTree = "<group>";
		};
		DC5F855725CF0C8A00084C72 /* Core */ = {
			isa = PBXGroup;
			children = (
				DC5F855925CF0C9E00084C72 /* Navigator.swift */,
			);
			path = Core;
			sourceTree = "<group>";
		};
		DC5F855825CF0C8F00084C72 /* Models */ = {
			isa = PBXGroup;
			children = (
				DC5F855D25CF0E1500084C72 /* NavigatorProtocol.swift */,
			);
			path = Models;
			sourceTree = "<group>";
		};
		DC5F856325CF15C200084C72 /* Controller */ = {
			isa = PBXGroup;
			children = (
				DC5F854125CEF74300084C72 /* SplashViewController.swift */,
				DC5F854225CEF74300084C72 /* SplashViewController.xib */,
			);
			path = Controller;
			sourceTree = "<group>";
		};
		DC5F856425CF15D100084C72 /* Interactor */ = {
			isa = PBXGroup;
			children = (
				DC5F854725CEF85800084C72 /* SplashVCInteractor.swift */,
			);
			path = Interactor;
			sourceTree = "<group>";
		};
		DC5F856525CF15DB00084C72 /* Presenter */ = {
			isa = PBXGroup;
			children = (
				DC5F854B25CEF8E800084C72 /* SplashVCPresenter.swift */,
			);
			path = Presenter;
			sourceTree = "<group>";
		};
		DC5F856725CF160B00084C72 /* Login */ = {
			isa = PBXGroup;
			children = (
				DC5F858325CF3AB800084C72 /* Controller */,
				DC5F858225CF3AB200084C72 /* Presenter */,
				DC5F858125CF3AAB00084C72 /* Interactor */,
			);
			path = Login;
			sourceTree = "<group>";
		};
		DC5F856825CF161100084C72 /* Register */ = {
			isa = PBXGroup;
			children = (
				DC5F859225CF3B3600084C72 /* Controller */,
				DC5F859125CF3B3000084C72 /* Presenter */,
				DC5F859025CF3B2900084C72 /* Interactor */,
			);
			path = Register;
			sourceTree = "<group>";
		};
		DC5F856925CF161C00084C72 /* LoginModule */ = {
			isa = PBXGroup;
			children = (
				DC5F856725CF160B00084C72 /* Login */,
				DC5F856825CF161100084C72 /* Register */,
			);
			path = LoginModule;
			sourceTree = "<group>";
		};
		DC5F856E25CF2FDA00084C72 /* StartScreens */ = {
			isa = PBXGroup;
			children = (
				DC5F854025CEF6CB00084C72 /* Splash */,
				DC5F857025CF2FEF00084C72 /* Welcome */,
			);
			path = StartScreens;
			sourceTree = "<group>";
		};
		DC5F857025CF2FEF00084C72 /* Welcome */ = {
			isa = PBXGroup;
			children = (
				DC5F857325CF300B00084C72 /* Controller */,
				DC5F857225CF300500084C72 /* Presenter */,
				DC5F857125CF2FFE00084C72 /* Interactor */,
			);
			path = Welcome;
			sourceTree = "<group>";
		};
		DC5F857125CF2FFE00084C72 /* Interactor */ = {
			isa = PBXGroup;
			children = (
				DC5F857D25CF308500084C72 /* WelcomeVCInteractor.swift */,
			);
			path = Interactor;
			sourceTree = "<group>";
		};
		DC5F857225CF300500084C72 /* Presenter */ = {
			isa = PBXGroup;
			children = (
				DC5F857A25CF307000084C72 /* WelcomeVCPresenter.swift */,
			);
			path = Presenter;
			sourceTree = "<group>";
		};
		DC5F857325CF300B00084C72 /* Controller */ = {
			isa = PBXGroup;
			children = (
				DC5F857425CF301F00084C72 /* WelcomeViewController.swift */,
				DC5F857525CF301F00084C72 /* WelcomeViewController.xib */,
			);
			path = Controller;
			sourceTree = "<group>";
		};
		DC5F858125CF3AAB00084C72 /* Interactor */ = {
			isa = PBXGroup;
			children = (
				DC5F858D25CF3AF400084C72 /* LoginVCInteractor.swift */,
			);
			path = Interactor;
			sourceTree = "<group>";
		};
		DC5F858225CF3AB200084C72 /* Presenter */ = {
			isa = PBXGroup;
			children = (
				DC5F858A25CF3AE200084C72 /* LoginVCPresenter.swift */,
			);
			path = Presenter;
			sourceTree = "<group>";
		};
		DC5F858325CF3AB800084C72 /* Controller */ = {
			isa = PBXGroup;
			children = (
				DC5F858425CF3ACE00084C72 /* LoginViewController.swift */,
				DC5F858525CF3ACE00084C72 /* LoginViewController.xib */,
			);
			path = Controller;
			sourceTree = "<group>";
		};
		DC5F859025CF3B2900084C72 /* Interactor */ = {
			isa = PBXGroup;
			children = (
				DC5F859C25CF3B7A00084C72 /* RegisterVCInteractor.swift */,
			);
			path = Interactor;
			sourceTree = "<group>";
		};
		DC5F859125CF3B3000084C72 /* Presenter */ = {
			isa = PBXGroup;
			children = (
				DC5F859925CF3B6600084C72 /* RegisterVCPresenter.swift */,
			);
			path = Presenter;
			sourceTree = "<group>";
		};
		DC5F859225CF3B3600084C72 /* Controller */ = {
			isa = PBXGroup;
			children = (
				DC5F859325CF3B4D00084C72 /* RegisterViewController.swift */,
				DC5F859425CF3B4D00084C72 /* RegisterViewController.xib */,
			);
			path = Controller;
			sourceTree = "<group>";
		};
		DCE32C9925CEBC5600D9AD8F = {
			isa = PBXGroup;
			children = (
				DCE32CA425CEBC5600D9AD8F /* Notiz */,
				DCE32CA325CEBC5600D9AD8F /* Products */,
			);
			sourceTree = "<group>";
		};
		DCE32CA325CEBC5600D9AD8F /* Products */ = {
			isa = PBXGroup;
			children = (
				DCE32CA225CEBC5600D9AD8F /* Notiz.app */,
			);
			name = Products;
			sourceTree = "<group>";
		};
		DCE32CA425CEBC5600D9AD8F /* Notiz */ = {
			isa = PBXGroup;
			children = (
				DCE5205425D0653900B64ADD /* Components */,
				DCE32CF925CEDC2900D9AD8F /* Modules */,
				DCE32CF225CEDB6D00D9AD8F /* Shared */,
				DCE32CE325CED8D700D9AD8F /* Extentions */,
				DCE32CE225CED8A400D9AD8F /* DesignSystem */,
				DCE32CE125CED89E00D9AD8F /* Utilities */,
				DCE32CCF25CED7EC00D9AD8F /* Application */,
				DCE32CCE25CED7BB00D9AD8F /* Resources */,
				DCE32CCD25CED79800D9AD8F /* Configurations */,
				DCE32CAE25CEBC5600D9AD8F /* Notiz.xcdatamodeld */,
			);
			path = Notiz;
			sourceTree = "<group>";
		};
		DCE32CCD25CED79800D9AD8F /* Configurations */ = {
			isa = PBXGroup;
			children = (
				DCE32CFE25CEE07A00D9AD8F /* GoogleService-Info.plist */,
				DCE32CB625CEBC5700D9AD8F /* Info.plist */,
			);
			path = Configurations;
			sourceTree = "<group>";
		};
		DCE32CCE25CED7BB00D9AD8F /* Resources */ = {
			isa = PBXGroup;
			children = (
				DCE32CD225CED83800D9AD8F /* Images-GIFs */,
				DCE32CD525CED84300D9AD8F /* Colors */,
				DCE32CDA25CED85D00D9AD8F /* Audio */,
				DCE32CD725CED85800D9AD8F /* Fonts */,
			);
			path = Resources;
			sourceTree = "<group>";
		};
		DCE32CCF25CED7EC00D9AD8F /* Application */ = {
			isa = PBXGroup;
			children = (
				DCE32CA525CEBC5600D9AD8F /* AppDelegate.swift */,
				DCE32CB325CEBC5700D9AD8F /* LaunchScreen.storyboard */,
			);
			path = Application;
			sourceTree = "<group>";
		};
		DCE32CD225CED83800D9AD8F /* Images-GIFs */ = {
			isa = PBXGroup;
			children = (
				DCE32CB125CEBC5700D9AD8F /* Assets.xcassets */,
			);
			path = "Images-GIFs";
			sourceTree = "<group>";
		};
		DCE32CD525CED84300D9AD8F /* Colors */ = {
			isa = PBXGroup;
			children = (
				DCE32CDE25CED87500D9AD8F /* Colors.xcassets */,
			);
			path = Colors;
			sourceTree = "<group>";
		};
		DCE32CD725CED85800D9AD8F /* Fonts */ = {
			isa = PBXGroup;
			children = (
			);
			path = Fonts;
			sourceTree = "<group>";
		};
		DCE32CDA25CED85D00D9AD8F /* Audio */ = {
			isa = PBXGroup;
			children = (
			);
			path = Audio;
			sourceTree = "<group>";
		};
		DCE32CE125CED89E00D9AD8F /* Utilities */ = {
			isa = PBXGroup;
			children = (
				DC5F855625CF0C7500084C72 /* Navigator */,
				DCE32CF325CEDB8400D9AD8F /* Constants.swift */,
				DC5F859F25CF3D8D00084C72 /* SharedUserDefualts.swift */,
			);
			path = Utilities;
			sourceTree = "<group>";
		};
		DCE32CE225CED8A400D9AD8F /* DesignSystem */ = {
			isa = PBXGroup;
			children = (
				DCE32D0125CEE1C800D9AD8F /* Manager */,
				DCE32D0725CEE1C800D9AD8F /* Themes */,
				DCE32D0325CEE1C800D9AD8F /* Models */,
			);
			path = DesignSystem;
			sourceTree = "<group>";
		};
		DCE32CE325CED8D700D9AD8F /* Extentions */ = {
			isa = PBXGroup;
			children = (
				DCE32CE425CED8FE00D9AD8F /* String+Extention.swift */,
				DCE32CE825CED9C800D9AD8F /* UIButton+Extentions.swift */,
				DCE32CEC25CEDA6C00D9AD8F /* UIColor+Extention.swift */,
				DCE32CEF25CEDB0A00D9AD8F /* UIView+Extention.swift */,
				DC5F853D25CEE4CE00084C72 /* IHProgressHUD+Extention.swift */,
				DC5F856025CF106B00084C72 /* UIViewController+Extention.swift */,
				DCE5205025D064F400B64ADD /* Notification.Name+Extention.swift */,
			);
			path = Extentions;
			sourceTree = "<group>";
		};
		DCE32CF225CEDB6D00D9AD8F /* Shared */ = {
			isa = PBXGroup;
			children = (
			);
			path = Shared;
			sourceTree = "<group>";
		};
		DCE32CF925CEDC2900D9AD8F /* Modules */ = {
			isa = PBXGroup;
			children = (
				DC5F856E25CF2FDA00084C72 /* StartScreens */,
				DC5F856925CF161C00084C72 /* LoginModule */,
			);
			path = Modules;
			sourceTree = "<group>";
		};
		DCE32D0125CEE1C800D9AD8F /* Manager */ = {
			isa = PBXGroup;
			children = (
				DCE32D0225CEE1C800D9AD8F /* DesignSystem.swift */,
			);
			path = Manager;
			sourceTree = "<group>";
		};
		DCE32D0325CEE1C800D9AD8F /* Models */ = {
			isa = PBXGroup;
			children = (
				DCE32D0425CEE1C800D9AD8F /* ColorsProtocol.swift */,
				DCE32D0525CEE1C800D9AD8F /* FontsProtocol.swift */,
				DCE32D0625CEE1C800D9AD8F /* ThemeProtocol.swift */,
			);
			path = Models;
			sourceTree = "<group>";
		};
		DCE32D0725CEE1C800D9AD8F /* Themes */ = {
			isa = PBXGroup;
			children = (
				DCE32D0825CEE1C800D9AD8F /* Light */,
				DCE32D0E25CEE1C800D9AD8F /* Dark */,
			);
			path = Themes;
			sourceTree = "<group>";
		};
		DCE32D0825CEE1C800D9AD8F /* Light */ = {
			isa = PBXGroup;
			children = (
				DCE32D0925CEE1C800D9AD8F /* LightTheme.swift */,
				DCE32D0A25CEE1C800D9AD8F /* Colors */,
				DCE32D0C25CEE1C800D9AD8F /* Fonts */,
			);
			path = Light;
			sourceTree = "<group>";
		};
		DCE32D0A25CEE1C800D9AD8F /* Colors */ = {
			isa = PBXGroup;
			children = (
				DCE32D0B25CEE1C800D9AD8F /* LightThemeColors.swift */,
			);
			path = Colors;
			sourceTree = "<group>";
		};
		DCE32D0C25CEE1C800D9AD8F /* Fonts */ = {
			isa = PBXGroup;
			children = (
				DCE32D0D25CEE1C800D9AD8F /* LightThemeFonts.swift */,
			);
			path = Fonts;
			sourceTree = "<group>";
		};
		DCE32D0E25CEE1C800D9AD8F /* Dark */ = {
			isa = PBXGroup;
			children = (
				DCE32D1125CEE1C800D9AD8F /* DarkTheme.swift */,
				DCE32D0F25CEE1C800D9AD8F /* Colors */,
				DCE32D1225CEE1C800D9AD8F /* Fonts */,
			);
			path = Dark;
			sourceTree = "<group>";
		};
		DCE32D0F25CEE1C800D9AD8F /* Colors */ = {
			isa = PBXGroup;
			children = (
				DCE32D1025CEE1C800D9AD8F /* DarkThemeColors.swift */,
			);
			path = Colors;
			sourceTree = "<group>";
		};
		DCE32D1225CEE1C800D9AD8F /* Fonts */ = {
			isa = PBXGroup;
			children = (
				DCE32D1325CEE1C800D9AD8F /* DarkThemeFonts.swift */,
			);
			path = Fonts;
			sourceTree = "<group>";
		};
		DCE5205425D0653900B64ADD /* Components */ = {
			isa = PBXGroup;
			children = (
				DCE5205525D0654800B64ADD /* UnderLineTextField */,
			);
			path = Components;
			sourceTree = "<group>";
		};
		DCE5205525D0654800B64ADD /* UnderLineTextField */ = {
			isa = PBXGroup;
			children = (
				DCE5205925D0659D00B64ADD /* TextFieldEffects.swift */,
				DCE5205625D0655F00B64ADD /* UnderLineTextField.swift */,
			);
			path = UnderLineTextField;
			sourceTree = "<group>";
		};
/* End PBXGroup section */

/* Begin PBXNativeTarget section */
		DCE32CA125CEBC5600D9AD8F /* Notiz */ = {
			isa = PBXNativeTarget;
			buildConfigurationList = DCE32CB925CEBC5700D9AD8F /* Build configuration list for PBXNativeTarget "Notiz" */;
			buildPhases = (
				DCE32C9E25CEBC5600D9AD8F /* Sources */,
				DCE32C9F25CEBC5600D9AD8F /* Frameworks */,
				DCE32CA025CEBC5600D9AD8F /* Resources */,
			);
			buildRules = (
			);
			dependencies = (
			);
			name = Notiz;
			packageProductDependencies = (
				DCE32CBE25CEC45900D9AD8F /* IHProgressHUD */,
				DCE32CC225CEC4BE00D9AD8F /* IQKeyboardManagerSwift */,
				DCE32CC625CED62700D9AD8F /* FirebaseAnalytics */,
				DCE32CC825CED62700D9AD8F /* FirebaseAuth */,
				DCE32CCA25CED62700D9AD8F /* FirebaseFirestore */,
			);
			productName = Notiz;
			productReference = DCE32CA225CEBC5600D9AD8F /* Notiz.app */;
			productType = "com.apple.product-type.application";
		};
/* End PBXNativeTarget section */

/* Begin PBXProject section */
		DCE32C9A25CEBC5600D9AD8F /* Project object */ = {
			isa = PBXProject;
			attributes = {
				LastSwiftUpdateCheck = 1230;
				LastUpgradeCheck = 1230;
				TargetAttributes = {
					DCE32CA125CEBC5600D9AD8F = {
						CreatedOnToolsVersion = 12.3;
					};
				};
			};
			buildConfigurationList = DCE32C9D25CEBC5600D9AD8F /* Build configuration list for PBXProject "Notiz" */;
			compatibilityVersion = "Xcode 9.3";
			developmentRegion = en;
			hasScannedForEncodings = 0;
			knownRegions = (
				en,
				Base,
			);
			mainGroup = DCE32C9925CEBC5600D9AD8F;
			packageReferences = (
				DCE32CBD25CEC45900D9AD8F /* XCRemoteSwiftPackageReference "IHProgressHUD" */,
				DCE32CC125CEC4BE00D9AD8F /* XCRemoteSwiftPackageReference "IQKeyboardManager" */,
				DCE32CC525CED62600D9AD8F /* XCRemoteSwiftPackageReference "firebase-ios-sdk" */,
			);
			productRefGroup = DCE32CA325CEBC5600D9AD8F /* Products */;
			projectDirPath = "";
			projectRoot = "";
			targets = (
				DCE32CA125CEBC5600D9AD8F /* Notiz */,
			);
		};
/* End PBXProject section */

/* Begin PBXResourcesBuildPhase section */
		DCE32CA025CEBC5600D9AD8F /* Resources */ = {
			isa = PBXResourcesBuildPhase;
			buildActionMask = 2147483647;
			files = (
				DCE32CB525CEBC5700D9AD8F /* LaunchScreen.storyboard in Resources */,
				DC5F857725CF301F00084C72 /* WelcomeViewController.xib in Resources */,
				DC5F854425CEF74300084C72 /* SplashViewController.xib in Resources */,
				DCE32CDF25CED87500D9AD8F /* Colors.xcassets in Resources */,
				DCE32CFF25CEE07A00D9AD8F /* GoogleService-Info.plist in Resources */,
				DC5F858725CF3ACE00084C72 /* LoginViewController.xib in Resources */,
				DCE32CB225CEBC5700D9AD8F /* Assets.xcassets in Resources */,
				DC5F859625CF3B4D00084C72 /* RegisterViewController.xib in Resources */,
			);
			runOnlyForDeploymentPostprocessing = 0;
		};
/* End PBXResourcesBuildPhase section */

/* Begin PBXSourcesBuildPhase section */
		DCE32C9E25CEBC5600D9AD8F /* Sources */ = {
			isa = PBXSourcesBuildPhase;
			buildActionMask = 2147483647;
			files = (
				DCE32CED25CEDA6C00D9AD8F /* UIColor+Extention.swift in Sources */,
				DCE32CE925CED9C800D9AD8F /* UIButton+Extentions.swift in Sources */,
				DC5F85A025CF3D8D00084C72 /* SharedUserDefualts.swift in Sources */,
				DC5F854C25CEF8E800084C72 /* SplashVCPresenter.swift in Sources */,
				DCE32D1925CEE1C800D9AD8F /* LightThemeColors.swift in Sources */,
				DC5F859A25CF3B6600084C72 /* RegisterVCPresenter.swift in Sources */,
				DC5F855A25CF0C9E00084C72 /* Navigator.swift in Sources */,
				DC5F858625CF3ACE00084C72 /* LoginViewController.swift in Sources */,
				DCE32CF025CEDB0A00D9AD8F /* UIView+Extention.swift in Sources */,
				DC5F854825CEF85800084C72 /* SplashVCInteractor.swift in Sources */,
				DC5F855E25CF0E1500084C72 /* NavigatorProtocol.swift in Sources */,
				DC5F858B25CF3AE200084C72 /* LoginVCPresenter.swift in Sources */,
				DCE32D1A25CEE1C800D9AD8F /* LightThemeFonts.swift in Sources */,
				DCE32CE525CED8FE00D9AD8F /* String+Extention.swift in Sources */,
				DCE32D1D25CEE1C800D9AD8F /* DarkThemeFonts.swift in Sources */,
				DCE32CA625CEBC5600D9AD8F /* AppDelegate.swift in Sources */,
				DC5F856125CF106B00084C72 /* UIViewController+Extention.swift in Sources */,
				DCE5205A25D0659D00B64ADD /* TextFieldEffects.swift in Sources */,
				DC5F858E25CF3AF400084C72 /* LoginVCInteractor.swift in Sources */,
				DCE32D1425CEE1C800D9AD8F /* DesignSystem.swift in Sources */,
				DCE32CB025CEBC5600D9AD8F /* Notiz.xcdatamodeld in Sources */,
				DC5F857E25CF308500084C72 /* WelcomeVCInteractor.swift in Sources */,
				DC5F854325CEF74300084C72 /* SplashViewController.swift in Sources */,
				DC5F853E25CEE4CE00084C72 /* IHProgressHUD+Extention.swift in Sources */,
				DCE32CF425CEDB8400D9AD8F /* Constants.swift in Sources */,
				DC5F857625CF301F00084C72 /* WelcomeViewController.swift in Sources */,
				DCE32D1B25CEE1C800D9AD8F /* DarkThemeColors.swift in Sources */,
				DCE32D1C25CEE1C800D9AD8F /* DarkTheme.swift in Sources */,
				DCE5205725D0655F00B64ADD /* UnderLineTextField.swift in Sources */,
				DCE32D1625CEE1C800D9AD8F /* FontsProtocol.swift in Sources */,
				DC5F859D25CF3B7A00084C72 /* RegisterVCInteractor.swift in Sources */,
				DC5F859525CF3B4D00084C72 /* RegisterViewController.swift in Sources */,
				DCE32D1525CEE1C800D9AD8F /* ColorsProtocol.swift in Sources */,
				DC5F857B25CF307000084C72 /* WelcomeVCPresenter.swift in Sources */,
				DCE5205125D064F400B64ADD /* Notification.Name+Extention.swift in Sources */,
				DCE32D1825CEE1C800D9AD8F /* LightTheme.swift in Sources */,
				DCE32D1725CEE1C800D9AD8F /* ThemeProtocol.swift in Sources */,
			);
			runOnlyForDeploymentPostprocessing = 0;
		};
/* End PBXSourcesBuildPhase section */

/* Begin PBXVariantGroup section */
		DCE32CB325CEBC5700D9AD8F /* LaunchScreen.storyboard */ = {
			isa = PBXVariantGroup;
			children = (
				DCE32CB425CEBC5700D9AD8F /* Base */,
			);
			name = LaunchScreen.storyboard;
			sourceTree = "<group>";
		};
/* End PBXVariantGroup section */

/* Begin XCBuildConfiguration section */
		DCE32CB725CEBC5700D9AD8F /* Debug */ = {
			isa = XCBuildConfiguration;
			buildSettings = {
				ALWAYS_SEARCH_USER_PATHS = NO;
				CLANG_ANALYZER_NONNULL = YES;
				CLANG_ANALYZER_NUMBER_OBJECT_CONVERSION = YES_AGGRESSIVE;
				CLANG_CXX_LANGUAGE_STANDARD = "gnu++14";
				CLANG_CXX_LIBRARY = "libc++";
				CLANG_ENABLE_MODULES = YES;
				CLANG_ENABLE_OBJC_ARC = YES;
				CLANG_ENABLE_OBJC_WEAK = YES;
				CLANG_WARN_BLOCK_CAPTURE_AUTORELEASING = YES;
				CLANG_WARN_BOOL_CONVERSION = YES;
				CLANG_WARN_COMMA = YES;
				CLANG_WARN_CONSTANT_CONVERSION = YES;
				CLANG_WARN_DEPRECATED_OBJC_IMPLEMENTATIONS = YES;
				CLANG_WARN_DIRECT_OBJC_ISA_USAGE = YES_ERROR;
				CLANG_WARN_DOCUMENTATION_COMMENTS = YES;
				CLANG_WARN_EMPTY_BODY = YES;
				CLANG_WARN_ENUM_CONVERSION = YES;
				CLANG_WARN_INFINITE_RECURSION = YES;
				CLANG_WARN_INT_CONVERSION = YES;
				CLANG_WARN_NON_LITERAL_NULL_CONVERSION = YES;
				CLANG_WARN_OBJC_IMPLICIT_RETAIN_SELF = YES;
				CLANG_WARN_OBJC_LITERAL_CONVERSION = YES;
				CLANG_WARN_OBJC_ROOT_CLASS = YES_ERROR;
				CLANG_WARN_QUOTED_INCLUDE_IN_FRAMEWORK_HEADER = YES;
				CLANG_WARN_RANGE_LOOP_ANALYSIS = YES;
				CLANG_WARN_STRICT_PROTOTYPES = YES;
				CLANG_WARN_SUSPICIOUS_MOVE = YES;
				CLANG_WARN_UNGUARDED_AVAILABILITY = YES_AGGRESSIVE;
				CLANG_WARN_UNREACHABLE_CODE = YES;
				CLANG_WARN__DUPLICATE_METHOD_MATCH = YES;
				COPY_PHASE_STRIP = NO;
				DEBUG_INFORMATION_FORMAT = dwarf;
				ENABLE_STRICT_OBJC_MSGSEND = YES;
				ENABLE_TESTABILITY = YES;
				GCC_C_LANGUAGE_STANDARD = gnu11;
				GCC_DYNAMIC_NO_PIC = NO;
				GCC_NO_COMMON_BLOCKS = YES;
				GCC_OPTIMIZATION_LEVEL = 0;
				GCC_PREPROCESSOR_DEFINITIONS = (
					"DEBUG=1",
					"$(inherited)",
				);
				GCC_WARN_64_TO_32_BIT_CONVERSION = YES;
				GCC_WARN_ABOUT_RETURN_TYPE = YES_ERROR;
				GCC_WARN_UNDECLARED_SELECTOR = YES;
				GCC_WARN_UNINITIALIZED_AUTOS = YES_AGGRESSIVE;
				GCC_WARN_UNUSED_FUNCTION = YES;
				GCC_WARN_UNUSED_VARIABLE = YES;
				IPHONEOS_DEPLOYMENT_TARGET = 14.3;
				MTL_ENABLE_DEBUG_INFO = INCLUDE_SOURCE;
				MTL_FAST_MATH = YES;
				ONLY_ACTIVE_ARCH = YES;
				SDKROOT = iphoneos;
				SWIFT_ACTIVE_COMPILATION_CONDITIONS = DEBUG;
				SWIFT_OPTIMIZATION_LEVEL = "-Onone";
			};
			name = Debug;
		};
		DCE32CB825CEBC5700D9AD8F /* Release */ = {
			isa = XCBuildConfiguration;
			buildSettings = {
				ALWAYS_SEARCH_USER_PATHS = NO;
				CLANG_ANALYZER_NONNULL = YES;
				CLANG_ANALYZER_NUMBER_OBJECT_CONVERSION = YES_AGGRESSIVE;
				CLANG_CXX_LANGUAGE_STANDARD = "gnu++14";
				CLANG_CXX_LIBRARY = "libc++";
				CLANG_ENABLE_MODULES = YES;
				CLANG_ENABLE_OBJC_ARC = YES;
				CLANG_ENABLE_OBJC_WEAK = YES;
				CLANG_WARN_BLOCK_CAPTURE_AUTORELEASING = YES;
				CLANG_WARN_BOOL_CONVERSION = YES;
				CLANG_WARN_COMMA = YES;
				CLANG_WARN_CONSTANT_CONVERSION = YES;
				CLANG_WARN_DEPRECATED_OBJC_IMPLEMENTATIONS = YES;
				CLANG_WARN_DIRECT_OBJC_ISA_USAGE = YES_ERROR;
				CLANG_WARN_DOCUMENTATION_COMMENTS = YES;
				CLANG_WARN_EMPTY_BODY = YES;
				CLANG_WARN_ENUM_CONVERSION = YES;
				CLANG_WARN_INFINITE_RECURSION = YES;
				CLANG_WARN_INT_CONVERSION = YES;
				CLANG_WARN_NON_LITERAL_NULL_CONVERSION = YES;
				CLANG_WARN_OBJC_IMPLICIT_RETAIN_SELF = YES;
				CLANG_WARN_OBJC_LITERAL_CONVERSION = YES;
				CLANG_WARN_OBJC_ROOT_CLASS = YES_ERROR;
				CLANG_WARN_QUOTED_INCLUDE_IN_FRAMEWORK_HEADER = YES;
				CLANG_WARN_RANGE_LOOP_ANALYSIS = YES;
				CLANG_WARN_STRICT_PROTOTYPES = YES;
				CLANG_WARN_SUSPICIOUS_MOVE = YES;
				CLANG_WARN_UNGUARDED_AVAILABILITY = YES_AGGRESSIVE;
				CLANG_WARN_UNREACHABLE_CODE = YES;
				CLANG_WARN__DUPLICATE_METHOD_MATCH = YES;
				COPY_PHASE_STRIP = NO;
				DEBUG_INFORMATION_FORMAT = "dwarf-with-dsym";
				ENABLE_NS_ASSERTIONS = NO;
				ENABLE_STRICT_OBJC_MSGSEND = YES;
				GCC_C_LANGUAGE_STANDARD = gnu11;
				GCC_NO_COMMON_BLOCKS = YES;
				GCC_WARN_64_TO_32_BIT_CONVERSION = YES;
				GCC_WARN_ABOUT_RETURN_TYPE = YES_ERROR;
				GCC_WARN_UNDECLARED_SELECTOR = YES;
				GCC_WARN_UNINITIALIZED_AUTOS = YES_AGGRESSIVE;
				GCC_WARN_UNUSED_FUNCTION = YES;
				GCC_WARN_UNUSED_VARIABLE = YES;
				IPHONEOS_DEPLOYMENT_TARGET = 14.3;
				MTL_ENABLE_DEBUG_INFO = NO;
				MTL_FAST_MATH = YES;
				SDKROOT = iphoneos;
				SWIFT_COMPILATION_MODE = wholemodule;
				SWIFT_OPTIMIZATION_LEVEL = "-O";
				VALIDATE_PRODUCT = YES;
			};
			name = Release;
		};
		DCE32CBA25CEBC5700D9AD8F /* Debug */ = {
			isa = XCBuildConfiguration;
			buildSettings = {
				ASSETCATALOG_COMPILER_APPICON_NAME = AppIcon;
				ASSETCATALOG_COMPILER_GLOBAL_ACCENT_COLOR_NAME = AccentColor;
				CODE_SIGN_STYLE = Automatic;
				CURRENT_PROJECT_VERSION = 1.0;
				DEVELOPMENT_TEAM = MLM8YK22VB;
				INFOPLIST_FILE = Notiz/Configurations/Info.plist;
				IPHONEOS_DEPLOYMENT_TARGET = 11.2;
				LD_RUNPATH_SEARCH_PATHS = (
					"$(inherited)",
					"@executable_path/Frameworks",
				);
				MARKETING_VERSION = 1.0.0;
				PRODUCT_BUNDLE_IDENTIFIER = com.ramysabry1996.Notiz;
				PRODUCT_NAME = "$(TARGET_NAME)";
				SWIFT_VERSION = 5.0;
				TARGETED_DEVICE_FAMILY = "1,2";
			};
			name = Debug;
		};
		DCE32CBB25CEBC5700D9AD8F /* Release */ = {
			isa = XCBuildConfiguration;
			buildSettings = {
				ASSETCATALOG_COMPILER_APPICON_NAME = AppIcon;
				ASSETCATALOG_COMPILER_GLOBAL_ACCENT_COLOR_NAME = AccentColor;
				CODE_SIGN_STYLE = Automatic;
				CURRENT_PROJECT_VERSION = 1.0;
				DEVELOPMENT_TEAM = MLM8YK22VB;
				INFOPLIST_FILE = Notiz/Configurations/Info.plist;
				IPHONEOS_DEPLOYMENT_TARGET = 11.2;
				LD_RUNPATH_SEARCH_PATHS = (
					"$(inherited)",
					"@executable_path/Frameworks",
				);
				MARKETING_VERSION = 1.0.0;
				PRODUCT_BUNDLE_IDENTIFIER = com.ramysabry1996.Notiz;
				PRODUCT_NAME = "$(TARGET_NAME)";
				SWIFT_VERSION = 5.0;
				TARGETED_DEVICE_FAMILY = "1,2";
			};
			name = Release;
		};
/* End XCBuildConfiguration section */

/* Begin XCConfigurationList section */
		DCE32C9D25CEBC5600D9AD8F /* Build configuration list for PBXProject "Notiz" */ = {
			isa = XCConfigurationList;
			buildConfigurations = (
				DCE32CB725CEBC5700D9AD8F /* Debug */,
				DCE32CB825CEBC5700D9AD8F /* Release */,
			);
			defaultConfigurationIsVisible = 0;
			defaultConfigurationName = Release;
		};
		DCE32CB925CEBC5700D9AD8F /* Build configuration list for PBXNativeTarget "Notiz" */ = {
			isa = XCConfigurationList;
			buildConfigurations = (
				DCE32CBA25CEBC5700D9AD8F /* Debug */,
				DCE32CBB25CEBC5700D9AD8F /* Release */,
			);
			defaultConfigurationIsVisible = 0;
			defaultConfigurationName = Release;
		};
/* End XCConfigurationList section */

/* Begin XCRemoteSwiftPackageReference section */
		DCE32CBD25CEC45900D9AD8F /* XCRemoteSwiftPackageReference "IHProgressHUD" */ = {
			isa = XCRemoteSwiftPackageReference;
			repositoryURL = "https://github.com/AsadAzam/IHProgressHUD.git";
			requirement = {
				kind = upToNextMajorVersion;
				minimumVersion = 0.2.1;
			};
		};
		DCE32CC125CEC4BE00D9AD8F /* XCRemoteSwiftPackageReference "IQKeyboardManager" */ = {
			isa = XCRemoteSwiftPackageReference;
			repositoryURL = "https://github.com/hackiftekhar/IQKeyboardManager.git";
			requirement = {
				kind = upToNextMajorVersion;
				minimumVersion = 6.5.6;
			};
		};
		DCE32CC525CED62600D9AD8F /* XCRemoteSwiftPackageReference "firebase-ios-sdk" */ = {
			isa = XCRemoteSwiftPackageReference;
			repositoryURL = "https://github.com/firebase/firebase-ios-sdk.git";
			requirement = {
				kind = upToNextMajorVersion;
				minimumVersion = 7.5.1;
			};
		};
/* End XCRemoteSwiftPackageReference section */

/* Begin XCSwiftPackageProductDependency section */
		DCE32CBE25CEC45900D9AD8F /* IHProgressHUD */ = {
			isa = XCSwiftPackageProductDependency;
			package = DCE32CBD25CEC45900D9AD8F /* XCRemoteSwiftPackageReference "IHProgressHUD" */;
			productName = IHProgressHUD;
		};
		DCE32CC225CEC4BE00D9AD8F /* IQKeyboardManagerSwift */ = {
			isa = XCSwiftPackageProductDependency;
			package = DCE32CC125CEC4BE00D9AD8F /* XCRemoteSwiftPackageReference "IQKeyboardManager" */;
			productName = IQKeyboardManagerSwift;
		};
		DCE32CC625CED62700D9AD8F /* FirebaseAnalytics */ = {
			isa = XCSwiftPackageProductDependency;
			package = DCE32CC525CED62600D9AD8F /* XCRemoteSwiftPackageReference "firebase-ios-sdk" */;
			productName = FirebaseAnalytics;
		};
		DCE32CC825CED62700D9AD8F /* FirebaseAuth */ = {
			isa = XCSwiftPackageProductDependency;
			package = DCE32CC525CED62600D9AD8F /* XCRemoteSwiftPackageReference "firebase-ios-sdk" */;
			productName = FirebaseAuth;
		};
		DCE32CCA25CED62700D9AD8F /* FirebaseFirestore */ = {
			isa = XCSwiftPackageProductDependency;
			package = DCE32CC525CED62600D9AD8F /* XCRemoteSwiftPackageReference "firebase-ios-sdk" */;
			productName = FirebaseFirestore;
		};
/* End XCSwiftPackageProductDependency section */

/* Begin XCVersionGroup section */
		DCE32CAE25CEBC5600D9AD8F /* Notiz.xcdatamodeld */ = {
			isa = XCVersionGroup;
			children = (
				DCE32CAF25CEBC5600D9AD8F /* Notiz.xcdatamodel */,
			);
			currentVersion = DCE32CAF25CEBC5600D9AD8F /* Notiz.xcdatamodel */;
			path = Notiz.xcdatamodeld;
			sourceTree = "<group>";
			versionGroupType = wrapper.xcdatamodel;
		};
/* End XCVersionGroup section */
	};
	rootObject = DCE32C9A25CEBC5600D9AD8F /* Project object */;
}
